
Microsoft Visual Studio Solution File, Format Version 12.00
Project("{FAE04EC0-301F-11D3-BF4B-00C04F79EFBC}") = "CoreclrWineCrash", "CoreclrWineCrash\CoreclrWineCrash.csproj", "{9B832DDF-394C-46C1-AD80-9E4374AB7CAA}"
EndProject
Global
	GlobalSection(SolutionConfigurationPlatforms) = preSolution
		Debug|Any CPU = Debug|Any CPU
		Release|Any CPU = Release|Any CPU
	EndGlobalSection
	GlobalSection(ProjectConfigurationPlatforms) = postSolution
		{9B832DDF-394C-46C1-AD80-9E4374AB7CAA}.Debug|Any CPU.ActiveCfg = Debug|Any CPU
		{9B832DDF-394C-46C1-AD80-9E4374AB7CAA}.Debug|Any CPU.Build.0 = Debug|Any CPU
		{9B832DDF-394C-46C1-AD80-9E4374AB7CAA}.Release|Any CPU.ActiveCfg = Release|Any CPU
		{9B832DDF-394C-46C1-AD80-9E4374AB7CAA}.Release|Any CPU.Build.0 = Release|Any CPU
	EndGlobalSection
EndGlobal
